
Microsoft Visual Studio Solution File, Format Version 12.00
# Visual Studio Version 16
VisualStudioVersion = 16.0.30413.136
MinimumVisualStudioVersion = 10.0.40219.1
Project("{FAE04EC0-301F-11D3-BF4B-00C04F79EFBC}") = "UWP", "UWP\UWP.csproj", "{8889DEDF-2619-4BA4-827B-65ED4CFEB900}"
EndProject
Project("{FAE04EC0-301F-11D3-BF4B-00C04F79EFBC}") = "U04", "U04\U04.csproj", "{DEF81ECC-EDED-4BB3-980C-DBFDCFC697F0}"
EndProject
Project("{FAE04EC0-301F-11D3-BF4B-00C04F79EFBC}") = "UWP19", "UWP19\UWP19.csproj", "{91158472-6BBF-41A3-A9D3-8B5F6078C9DA}"
EndProject
Project("{FAE04EC0-301F-11D3-BF4B-00C04F79EFBC}") = "UWP20", "UWP20\UWP20.csproj", "{18EC31AF-73F2-4008-A477-1BA19CAB0878}"
EndProject
Project("{FAE04EC0-301F-11D3-BF4B-00C04F79EFBC}") = "UWP21", "UWP21\UWP21.csproj", "{DA2EBCA0-B4F8-440A-89D5-D97F923E2C38}"
EndProject
Project("{FAE04EC0-301F-11D3-BF4B-00C04F79EFBC}") = "UWP25", "UWP25\UWP25.csproj", "{41C849D5-77AC-480B-A602-363854C5751E}"
EndProject
Project("{FAE04EC0-301F-11D3-BF4B-00C04F79EFBC}") = "UWP28", "UWP28\UWP28.csproj", "{673F84ED-6A69-48F7-AB6D-F9120B81C88E}"
EndProject
Project("{FAE04EC0-301F-11D3-BF4B-00C04F79EFBC}") = "UWP31", "UWP31\UWP31.csproj", "{2E207917-9959-4690-98DA-A117BAA55AEA}"
EndProject
Project("{FAE04EC0-301F-11D3-BF4B-00C04F79EFBC}") = "UWP37", "UWP37\UWP37.csproj", "{66235820-8C2A-43AB-88A2-71DC751AA09C}"
EndProject
Project("{FAE04EC0-301F-11D3-BF4B-00C04F79EFBC}") = "UWP41", "UWP41\UWP41.csproj", "{322BE9E0-96BE-477B-9F43-7B061B71BFB3}"
EndProject
Project("{FAE04EC0-301F-11D3-BF4B-00C04F79EFBC}") = "UWP40", "UWP40\UWP40.csproj", "{652B9DB5-DF94-4249-BF19-19C80A808F4A}"
EndProject
Project("{2150E333-8FDC-42A3-9474-1A3956D46DE8}") = "class", "class", "{055A9982-9680-4755-ADFF-3C8711E3D7E1}"
EndProject
Project("{FAE04EC0-301F-11D3-BF4B-00C04F79EFBC}") = "UWP42", "UWP42\UWP42.csproj", "{EE23EFFE-CA58-4FD1-9348-E32278204ADD}"
EndProject
Project("{FAE04EC0-301F-11D3-BF4B-00C04F79EFBC}") = "UWPSoundBoard", "UWPSoundBoard\UWPSoundBoard.csproj", "{448598B3-01B9-4701-B46A-1F135E8A6A69}"
EndProject
Project("{FAE04EC0-301F-11D3-BF4B-00C04F79EFBC}") = "UWPss", "UWPss\UWPss.csproj", "{68FFD45F-4426-4019-B8D2-B69B129EEA63}"
EndProject
Project("{FAE04EC0-301F-11D3-BF4B-00C04F79EFBC}") = "Practice", "Practice\Practice.csproj", "{414DE9A5-516C-4015-88DE-D2BDF3D559B8}"
EndProject
Global
	GlobalSection(SolutionConfigurationPlatforms) = preSolution
		Debug|ARM = Debug|ARM
		Debug|ARM64 = Debug|ARM64
		Debug|x64 = Debug|x64
		Debug|x86 = Debug|x86
		Release|ARM = Release|ARM
		Release|ARM64 = Release|ARM64
		Release|x64 = Release|x64
		Release|x86 = Release|x86
	EndGlobalSection
	GlobalSection(ProjectConfigurationPlatforms) = postSolution
		{8889DEDF-2619-4BA4-827B-65ED4CFEB900}.Debug|ARM.ActiveCfg = Debug|ARM
		{8889DEDF-2619-4BA4-827B-65ED4CFEB900}.Debug|ARM.Build.0 = Debug|ARM
		{8889DEDF-2619-4BA4-827B-65ED4CFEB900}.Debug|ARM.Deploy.0 = Debug|ARM
		{8889DEDF-2619-4BA4-827B-65ED4CFEB900}.Debug|ARM64.ActiveCfg = Debug|ARM64
		{8889DEDF-2619-4BA4-827B-65ED4CFEB900}.Debug|ARM64.Build.0 = Debug|ARM64
		{8889DEDF-2619-4BA4-827B-65ED4CFEB900}.Debug|ARM64.Deploy.0 = Debug|ARM64
		{8889DEDF-2619-4BA4-827B-65ED4CFEB900}.Debug|x64.ActiveCfg = Debug|x64
		{8889DEDF-2619-4BA4-827B-65ED4CFEB900}.Debug|x64.Build.0 = Debug|x64
		{8889DEDF-2619-4BA4-827B-65ED4CFEB900}.Debug|x64.Deploy.0 = Debug|x64
		{8889DEDF-2619-4BA4-827B-65ED4CFEB900}.Debug|x86.ActiveCfg = Debug|x86
		{8889DEDF-2619-4BA4-827B-65ED4CFEB900}.Debug|x86.Build.0 = Debug|x86
		{8889DEDF-2619-4BA4-827B-65ED4CFEB900}.Debug|x86.Deploy.0 = Debug|x86
		{8889DEDF-2619-4BA4-827B-65ED4CFEB900}.Release|ARM.ActiveCfg = Release|ARM
		{8889DEDF-2619-4BA4-827B-65ED4CFEB900}.Release|ARM.Build.0 = Release|ARM
		{8889DEDF-2619-4BA4-827B-65ED4CFEB900}.Release|ARM.Deploy.0 = Release|ARM
		{8889DEDF-2619-4BA4-827B-65ED4CFEB900}.Release|ARM64.ActiveCfg = Release|ARM64
		{8889DEDF-2619-4BA4-827B-65ED4CFEB900}.Release|ARM64.Build.0 = Release|ARM64
		{8889DEDF-2619-4BA4-827B-65ED4CFEB900}.Release|ARM64.Deploy.0 = Release|ARM64
		{8889DEDF-2619-4BA4-827B-65ED4CFEB900}.Release|x64.ActiveCfg = Release|x64
		{8889DEDF-2619-4BA4-827B-65ED4CFEB900}.Release|x64.Build.0 = Release|x64
		{8889DEDF-2619-4BA4-827B-65ED4CFEB900}.Release|x64.Deploy.0 = Release|x64
		{8889DEDF-2619-4BA4-827B-65ED4CFEB900}.Release|x86.ActiveCfg = Release|x86
		{8889DEDF-2619-4BA4-827B-65ED4CFEB900}.Release|x86.Build.0 = Release|x86
		{8889DEDF-2619-4BA4-827B-65ED4CFEB900}.Release|x86.Deploy.0 = Release|x86
		{DEF81ECC-EDED-4BB3-980C-DBFDCFC697F0}.Debug|ARM.ActiveCfg = Debug|ARM
		{DEF81ECC-EDED-4BB3-980C-DBFDCFC697F0}.Debug|ARM.Build.0 = Debug|ARM
		{DEF81ECC-EDED-4BB3-980C-DBFDCFC697F0}.Debug|ARM.Deploy.0 = Debug|ARM
		{DEF81ECC-EDED-4BB3-980C-DBFDCFC697F0}.Debug|ARM64.ActiveCfg = Debug|ARM64
		{DEF81ECC-EDED-4BB3-980C-DBFDCFC697F0}.Debug|ARM64.Build.0 = Debug|ARM64
		{DEF81ECC-EDED-4BB3-980C-DBFDCFC697F0}.Debug|ARM64.Deploy.0 = Debug|ARM64
		{DEF81ECC-EDED-4BB3-980C-DBFDCFC697F0}.Debug|x64.ActiveCfg = Debug|x64
		{DEF81ECC-EDED-4BB3-980C-DBFDCFC697F0}.Debug|x64.Build.0 = Debug|x64
		{DEF81ECC-EDED-4BB3-980C-DBFDCFC697F0}.Debug|x64.Deploy.0 = Debug|x64
		{DEF81ECC-EDED-4BB3-980C-DBFDCFC697F0}.Debug|x86.ActiveCfg = Debug|x86
		{DEF81ECC-EDED-4BB3-980C-DBFDCFC697F0}.Debug|x86.Build.0 = Debug|x86
		{DEF81ECC-EDED-4BB3-980C-DBFDCFC697F0}.Debug|x86.Deploy.0 = Debug|x86
		{DEF81ECC-EDED-4BB3-980C-DBFDCFC697F0}.Release|ARM.ActiveCfg = Release|ARM
		{DEF81ECC-EDED-4BB3-980C-DBFDCFC697F0}.Release|ARM.Build.0 = Release|ARM
		{DEF81ECC-EDED-4BB3-980C-DBFDCFC697F0}.Release|ARM.Deploy.0 = Release|ARM
		{DEF81ECC-EDED-4BB3-980C-DBFDCFC697F0}.Release|ARM64.ActiveCfg = Release|ARM64
		{DEF81ECC-EDED-4BB3-980C-DBFDCFC697F0}.Release|ARM64.Build.0 = Release|ARM64
		{DEF81ECC-EDED-4BB3-980C-DBFDCFC697F0}.Release|ARM64.Deploy.0 = Release|ARM64
		{DEF81ECC-EDED-4BB3-980C-DBFDCFC697F0}.Release|x64.ActiveCfg = Release|x64
		{DEF81ECC-EDED-4BB3-980C-DBFDCFC697F0}.Release|x64.Build.0 = Release|x64
		{DEF81ECC-EDED-4BB3-980C-DBFDCFC697F0}.Release|x64.Deploy.0 = Release|x64
		{DEF81ECC-EDED-4BB3-980C-DBFDCFC697F0}.Release|x86.ActiveCfg = Release|x86
		{DEF81ECC-EDED-4BB3-980C-DBFDCFC697F0}.Release|x86.Build.0 = Release|x86
		{DEF81ECC-EDED-4BB3-980C-DBFDCFC697F0}.Release|x86.Deploy.0 = Release|x86
		{91158472-6BBF-41A3-A9D3-8B5F6078C9DA}.Debug|ARM.ActiveCfg = Debug|ARM
		{91158472-6BBF-41A3-A9D3-8B5F6078C9DA}.Debug|ARM.Build.0 = Debug|ARM
		{91158472-6BBF-41A3-A9D3-8B5F6078C9DA}.Debug|ARM.Deploy.0 = Debug|ARM
		{91158472-6BBF-41A3-A9D3-8B5F6078C9DA}.Debug|ARM64.ActiveCfg = Debug|ARM64
		{91158472-6BBF-41A3-A9D3-8B5F6078C9DA}.Debug|ARM64.Build.0 = Debug|ARM64
		{91158472-6BBF-41A3-A9D3-8B5F6078C9DA}.Debug|ARM64.Deploy.0 = Debug|ARM64
		{91158472-6BBF-41A3-A9D3-8B5F6078C9DA}.Debug|x64.ActiveCfg = Debug|x64
		{91158472-6BBF-41A3-A9D3-8B5F6078C9DA}.Debug|x64.Build.0 = Debug|x64
		{91158472-6BBF-41A3-A9D3-8B5F6078C9DA}.Debug|x64.Deploy.0 = Debug|x64
		{91158472-6BBF-41A3-A9D3-8B5F6078C9DA}.Debug|x86.ActiveCfg = Debug|x86
		{91158472-6BBF-41A3-A9D3-8B5F6078C9DA}.Debug|x86.Build.0 = Debug|x86
		{91158472-6BBF-41A3-A9D3-8B5F6078C9DA}.Debug|x86.Deploy.0 = Debug|x86
		{91158472-6BBF-41A3-A9D3-8B5F6078C9DA}.Release|ARM.ActiveCfg = Release|ARM
		{91158472-6BBF-41A3-A9D3-8B5F6078C9DA}.Release|ARM.Build.0 = Release|ARM
		{91158472-6BBF-41A3-A9D3-8B5F6078C9DA}.Release|ARM.Deploy.0 = Release|ARM
		{91158472-6BBF-41A3-A9D3-8B5F6078C9DA}.Release|ARM64.ActiveCfg = Release|ARM64
		{91158472-6BBF-41A3-A9D3-8B5F6078C9DA}.Release|ARM64.Build.0 = Release|ARM64
		{91158472-6BBF-41A3-A9D3-8B5F6078C9DA}.Release|ARM64.Deploy.0 = Release|ARM64
		{91158472-6BBF-41A3-A9D3-8B5F6078C9DA}.Release|x64.ActiveCfg = Release|x64
		{91158472-6BBF-41A3-A9D3-8B5F6078C9DA}.Release|x64.Build.0 = Release|x64
		{91158472-6BBF-41A3-A9D3-8B5F6078C9DA}.Release|x64.Deploy.0 = Release|x64
		{91158472-6BBF-41A3-A9D3-8B5F6078C9DA}.Release|x86.ActiveCfg = Release|x86
		{91158472-6BBF-41A3-A9D3-8B5F6078C9DA}.Release|x86.Build.0 = Release|x86
		{91158472-6BBF-41A3-A9D3-8B5F6078C9DA}.Release|x86.Deploy.0 = Release|x86
		{18EC31AF-73F2-4008-A477-1BA19CAB0878}.Debug|ARM.ActiveCfg = Debug|ARM
		{18EC31AF-73F2-4008-A477-1BA19CAB0878}.Debug|ARM.Build.0 = Debug|ARM
		{18EC31AF-73F2-4008-A477-1BA19CAB0878}.Debug|ARM.Deploy.0 = Debug|ARM
		{18EC31AF-73F2-4008-A477-1BA19CAB0878}.Debug|ARM64.ActiveCfg = Debug|ARM64
		{18EC31AF-73F2-4008-A477-1BA19CAB0878}.Debug|ARM64.Build.0 = Debug|ARM64
		{18EC31AF-73F2-4008-A477-1BA19CAB0878}.Debug|ARM64.Deploy.0 = Debug|ARM64
		{18EC31AF-73F2-4008-A477-1BA19CAB0878}.Debug|x64.ActiveCfg = Debug|x64
		{18EC31AF-73F2-4008-A477-1BA19CAB0878}.Debug|x64.Build.0 = Debug|x64
		{18EC31AF-73F2-4008-A477-1BA19CAB0878}.Debug|x64.Deploy.0 = Debug|x64
		{18EC31AF-73F2-4008-A477-1BA19CAB0878}.Debug|x86.ActiveCfg = Debug|x86
		{18EC31AF-73F2-4008-A477-1BA19CAB0878}.Debug|x86.Build.0 = Debug|x86
		{18EC31AF-73F2-4008-A477-1BA19CAB0878}.Debug|x86.Deploy.0 = Debug|x86
		{18EC31AF-73F2-4008-A477-1BA19CAB0878}.Release|ARM.ActiveCfg = Release|ARM
		{18EC31AF-73F2-4008-A477-1BA19CAB0878}.Release|ARM.Build.0 = Release|ARM
		{18EC31AF-73F2-4008-A477-1BA19CAB0878}.Release|ARM.Deploy.0 = Release|ARM
		{18EC31AF-73F2-4008-A477-1BA19CAB0878}.Release|ARM64.ActiveCfg = Release|ARM64
		{18EC31AF-73F2-4008-A477-1BA19CAB0878}.Release|ARM64.Build.0 = Release|ARM64
		{18EC31AF-73F2-4008-A477-1BA19CAB0878}.Release|ARM64.Deploy.0 = Release|ARM64
		{18EC31AF-73F2-4008-A477-1BA19CAB0878}.Release|x64.ActiveCfg = Release|x64
		{18EC31AF-73F2-4008-A477-1BA19CAB0878}.Release|x64.Build.0 = Release|x64
		{18EC31AF-73F2-4008-A477-1BA19CAB0878}.Release|x64.Deploy.0 = Release|x64
		{18EC31AF-73F2-4008-A477-1BA19CAB0878}.Release|x86.ActiveCfg = Release|x86
		{18EC31AF-73F2-4008-A477-1BA19CAB0878}.Release|x86.Build.0 = Release|x86
		{18EC31AF-73F2-4008-A477-1BA19CAB0878}.Release|x86.Deploy.0 = Release|x86
		{DA2EBCA0-B4F8-440A-89D5-D97F923E2C38}.Debug|ARM.ActiveCfg = Debug|ARM
		{DA2EBCA0-B4F8-440A-89D5-D97F923E2C38}.Debug|ARM.Build.0 = Debug|ARM
		{DA2EBCA0-B4F8-440A-89D5-D97F923E2C38}.Debug|ARM.Deploy.0 = Debug|ARM
		{DA2EBCA0-B4F8-440A-89D5-D97F923E2C38}.Debug|ARM64.ActiveCfg = Debug|ARM64
		{DA2EBCA0-B4F8-440A-89D5-D97F923E2C38}.Debug|ARM64.Build.0 = Debug|ARM64
		{DA2EBCA0-B4F8-440A-89D5-D97F923E2C38}.Debug|ARM64.Deploy.0 = Debug|ARM64
		{DA2EBCA0-B4F8-440A-89D5-D97F923E2C38}.Debug|x64.ActiveCfg = Debug|x64
		{DA2EBCA0-B4F8-440A-89D5-D97F923E2C38}.Debug|x64.Build.0 = Debug|x64
		{DA2EBCA0-B4F8-440A-89D5-D97F923E2C38}.Debug|x64.Deploy.0 = Debug|x64
		{DA2EBCA0-B4F8-440A-89D5-D97F923E2C38}.Debug|x86.ActiveCfg = Debug|x86
		{DA2EBCA0-B4F8-440A-89D5-D97F923E2C38}.Debug|x86.Build.0 = Debug|x86
		{DA2EBCA0-B4F8-440A-89D5-D97F923E2C38}.Debug|x86.Deploy.0 = Debug|x86
		{DA2EBCA0-B4F8-440A-89D5-D97F923E2C38}.Release|ARM.ActiveCfg = Release|ARM
		{DA2EBCA0-B4F8-440A-89D5-D97F923E2C38}.Release|ARM.Build.0 = Release|ARM
		{DA2EBCA0-B4F8-440A-89D5-D97F923E2C38}.Release|ARM.Deploy.0 = Release|ARM
		{DA2EBCA0-B4F8-440A-89D5-D97F923E2C38}.Release|ARM64.ActiveCfg = Release|ARM64
		{DA2EBCA0-B4F8-440A-89D5-D97F923E2C38}.Release|ARM64.Build.0 = Release|ARM64
		{DA2EBCA0-B4F8-440A-89D5-D97F923E2C38}.Release|ARM64.Deploy.0 = Release|ARM64
		{DA2EBCA0-B4F8-440A-89D5-D97F923E2C38}.Release|x64.ActiveCfg = Release|x64
		{DA2EBCA0-B4F8-440A-89D5-D97F923E2C38}.Release|x64.Build.0 = Release|x64
		{DA2EBCA0-B4F8-440A-89D5-D97F923E2C38}.Release|x64.Deploy.0 = Release|x64
		{DA2EBCA0-B4F8-440A-89D5-D97F923E2C38}.Release|x86.ActiveCfg = Release|x86
		{DA2EBCA0-B4F8-440A-89D5-D97F923E2C38}.Release|x86.Build.0 = Release|x86
		{DA2EBCA0-B4F8-440A-89D5-D97F923E2C38}.Release|x86.Deploy.0 = Release|x86
		{41C849D5-77AC-480B-A602-363854C5751E}.Debug|ARM.ActiveCfg = Debug|ARM
		{41C849D5-77AC-480B-A602-363854C5751E}.Debug|ARM.Build.0 = Debug|ARM
		{41C849D5-77AC-480B-A602-363854C5751E}.Debug|ARM.Deploy.0 = Debug|ARM
		{41C849D5-77AC-480B-A602-363854C5751E}.Debug|ARM64.ActiveCfg = Debug|ARM64
		{41C849D5-77AC-480B-A602-363854C5751E}.Debug|ARM64.Build.0 = Debug|ARM64
		{41C849D5-77AC-480B-A602-363854C5751E}.Debug|ARM64.Deploy.0 = Debug|ARM64
		{41C849D5-77AC-480B-A602-363854C5751E}.Debug|x64.ActiveCfg = Debug|x64
		{41C849D5-77AC-480B-A602-363854C5751E}.Debug|x64.Build.0 = Debug|x64
		{41C849D5-77AC-480B-A602-363854C5751E}.Debug|x64.Deploy.0 = Debug|x64
		{41C849D5-77AC-480B-A602-363854C5751E}.Debug|x86.ActiveCfg = Debug|x86
		{41C849D5-77AC-480B-A602-363854C5751E}.Debug|x86.Build.0 = Debug|x86
		{41C849D5-77AC-480B-A602-363854C5751E}.Debug|x86.Deploy.0 = Debug|x86
		{41C849D5-77AC-480B-A602-363854C5751E}.Release|ARM.ActiveCfg = Release|ARM
		{41C849D5-77AC-480B-A602-363854C5751E}.Release|ARM.Build.0 = Release|ARM
		{41C849D5-77AC-480B-A602-363854C5751E}.Release|ARM.Deploy.0 = Release|ARM
		{41C849D5-77AC-480B-A602-363854C5751E}.Release|ARM64.ActiveCfg = Release|ARM64
		{41C849D5-77AC-480B-A602-363854C5751E}.Release|ARM64.Build.0 = Release|ARM64
		{41C849D5-77AC-480B-A602-363854C5751E}.Release|ARM64.Deploy.0 = Release|ARM64
		{41C849D5-77AC-480B-A602-363854C5751E}.Release|x64.ActiveCfg = Release|x64
		{41C849D5-77AC-480B-A602-363854C5751E}.Release|x64.Build.0 = Release|x64
		{41C849D5-77AC-480B-A602-363854C5751E}.Release|x64.Deploy.0 = Release|x64
		{41C849D5-77AC-480B-A602-363854C5751E}.Release|x86.ActiveCfg = Release|x86
		{41C849D5-77AC-480B-A602-363854C5751E}.Release|x86.Build.0 = Release|x86
		{41C849D5-77AC-480B-A602-363854C5751E}.Release|x86.Deploy.0 = Release|x86
		{673F84ED-6A69-48F7-AB6D-F9120B81C88E}.Debug|ARM.ActiveCfg = Debug|ARM
		{673F84ED-6A69-48F7-AB6D-F9120B81C88E}.Debug|ARM.Build.0 = Debug|ARM
		{673F84ED-6A69-48F7-AB6D-F9120B81C88E}.Debug|ARM.Deploy.0 = Debug|ARM
		{673F84ED-6A69-48F7-AB6D-F9120B81C88E}.Debug|ARM64.ActiveCfg = Debug|ARM64
		{673F84ED-6A69-48F7-AB6D-F9120B81C88E}.Debug|ARM64.Build.0 = Debug|ARM64
		{673F84ED-6A69-48F7-AB6D-F9120B81C88E}.Debug|ARM64.Deploy.0 = Debug|ARM64
		{673F84ED-6A69-48F7-AB6D-F9120B81C88E}.Debug|x64.ActiveCfg = Debug|x64
		{673F84ED-6A69-48F7-AB6D-F9120B81C88E}.Debug|x64.Build.0 = Debug|x64
		{673F84ED-6A69-48F7-AB6D-F9120B81C88E}.Debug|x64.Deploy.0 = Debug|x64
		{673F84ED-6A69-48F7-AB6D-F9120B81C88E}.Debug|x86.ActiveCfg = Debug|x86
		{673F84ED-6A69-48F7-AB6D-F9120B81C88E}.Debug|x86.Build.0 = Debug|x86
		{673F84ED-6A69-48F7-AB6D-F9120B81C88E}.Debug|x86.Deploy.0 = Debug|x86
		{673F84ED-6A69-48F7-AB6D-F9120B81C88E}.Release|ARM.ActiveCfg = Release|ARM
		{673F84ED-6A69-48F7-AB6D-F9120B81C88E}.Release|ARM.Build.0 = Release|ARM
		{673F84ED-6A69-48F7-AB6D-F9120B81C88E}.Release|ARM.Deploy.0 = Release|ARM
		{673F84ED-6A69-48F7-AB6D-F9120B81C88E}.Release|ARM64.ActiveCfg = Release|ARM64
		{673F84ED-6A69-48F7-AB6D-F9120B81C88E}.Release|ARM64.Build.0 = Release|ARM64
		{673F84ED-6A69-48F7-AB6D-F9120B81C88E}.Release|ARM64.Deploy.0 = Release|ARM64
		{673F84ED-6A69-48F7-AB6D-F9120B81C88E}.Release|x64.ActiveCfg = Release|x64
		{673F84ED-6A69-48F7-AB6D-F9120B81C88E}.Release|x64.Build.0 = Release|x64
		{673F84ED-6A69-48F7-AB6D-F9120B81C88E}.Release|x64.Deploy.0 = Release|x64
		{673F84ED-6A69-48F7-AB6D-F9120B81C88E}.Release|x86.ActiveCfg = Release|x86
		{673F84ED-6A69-48F7-AB6D-F9120B81C88E}.Release|x86.Build.0 = Release|x86
		{673F84ED-6A69-48F7-AB6D-F9120B81C88E}.Release|x86.Deploy.0 = Release|x86
		{2E207917-9959-4690-98DA-A117BAA55AEA}.Debug|ARM.ActiveCfg = Debug|ARM
		{2E207917-9959-4690-98DA-A117BAA55AEA}.Debug|ARM.Build.0 = Debug|ARM
		{2E207917-9959-4690-98DA-A117BAA55AEA}.Debug|ARM.Deploy.0 = Debug|ARM
		{2E207917-9959-4690-98DA-A117BAA55AEA}.Debug|ARM64.ActiveCfg = Debug|ARM64
		{2E207917-9959-4690-98DA-A117BAA55AEA}.Debug|ARM64.Build.0 = Debug|ARM64
		{2E207917-9959-4690-98DA-A117BAA55AEA}.Debug|ARM64.Deploy.0 = Debug|ARM64
		{2E207917-9959-4690-98DA-A117BAA55AEA}.Debug|x64.ActiveCfg = Debug|x64
		{2E207917-9959-4690-98DA-A117BAA55AEA}.Debug|x64.Build.0 = Debug|x64
		{2E207917-9959-4690-98DA-A117BAA55AEA}.Debug|x64.Deploy.0 = Debug|x64
		{2E207917-9959-4690-98DA-A117BAA55AEA}.Debug|x86.ActiveCfg = Debug|x86
		{2E207917-9959-4690-98DA-A117BAA55AEA}.Debug|x86.Build.0 = Debug|x86
		{2E207917-9959-4690-98DA-A117BAA55AEA}.Debug|x86.Deploy.0 = Debug|x86
		{2E207917-9959-4690-98DA-A117BAA55AEA}.Release|ARM.ActiveCfg = Release|ARM
		{2E207917-9959-4690-98DA-A117BAA55AEA}.Release|ARM.Build.0 = Release|ARM
		{2E207917-9959-4690-98DA-A117BAA55AEA}.Release|ARM.Deploy.0 = Release|ARM
		{2E207917-9959-4690-98DA-A117BAA55AEA}.Release|ARM64.ActiveCfg = Release|ARM64
		{2E207917-9959-4690-98DA-A117BAA55AEA}.Release|ARM64.Build.0 = Release|ARM64
		{2E207917-9959-4690-98DA-A117BAA55AEA}.Release|ARM64.Deploy.0 = Release|ARM64
		{2E207917-9959-4690-98DA-A117BAA55AEA}.Release|x64.ActiveCfg = Release|x64
		{2E207917-9959-4690-98DA-A117BAA55AEA}.Release|x64.Build.0 = Release|x64
		{2E207917-9959-4690-98DA-A117BAA55AEA}.Release|x64.Deploy.0 = Release|x64
		{2E207917-9959-4690-98DA-A117BAA55AEA}.Release|x86.ActiveCfg = Release|x86
		{2E207917-9959-4690-98DA-A117BAA55AEA}.Release|x86.Build.0 = Release|x86
		{2E207917-9959-4690-98DA-A117BAA55AEA}.Release|x86.Deploy.0 = Release|x86
		{66235820-8C2A-43AB-88A2-71DC751AA09C}.Debug|ARM.ActiveCfg = Debug|ARM
		{66235820-8C2A-43AB-88A2-71DC751AA09C}.Debug|ARM.Build.0 = Debug|ARM
		{66235820-8C2A-43AB-88A2-71DC751AA09C}.Debug|ARM.Deploy.0 = Debug|ARM
		{66235820-8C2A-43AB-88A2-71DC751AA09C}.Debug|ARM64.ActiveCfg = Debug|ARM64
		{66235820-8C2A-43AB-88A2-71DC751AA09C}.Debug|ARM64.Build.0 = Debug|ARM64
		{66235820-8C2A-43AB-88A2-71DC751AA09C}.Debug|ARM64.Deploy.0 = Debug|ARM64
		{66235820-8C2A-43AB-88A2-71DC751AA09C}.Debug|x64.ActiveCfg = Debug|x64
		{66235820-8C2A-43AB-88A2-71DC751AA09C}.Debug|x64.Build.0 = Debug|x64
		{66235820-8C2A-43AB-88A2-71DC751AA09C}.Debug|x64.Deploy.0 = Debug|x64
		{66235820-8C2A-43AB-88A2-71DC751AA09C}.Debug|x86.ActiveCfg = Debug|x86
		{66235820-8C2A-43AB-88A2-71DC751AA09C}.Debug|x86.Build.0 = Debug|x86
		{66235820-8C2A-43AB-88A2-71DC751AA09C}.Debug|x86.Deploy.0 = Debug|x86
		{66235820-8C2A-43AB-88A2-71DC751AA09C}.Release|ARM.ActiveCfg = Release|ARM
		{66235820-8C2A-43AB-88A2-71DC751AA09C}.Release|ARM.Build.0 = Release|ARM
		{66235820-8C2A-43AB-88A2-71DC751AA09C}.Release|ARM.Deploy.0 = Release|ARM
		{66235820-8C2A-43AB-88A2-71DC751AA09C}.Release|ARM64.ActiveCfg = Release|ARM64
		{66235820-8C2A-43AB-88A2-71DC751AA09C}.Release|ARM64.Build.0 = Release|ARM64
		{66235820-8C2A-43AB-88A2-71DC751AA09C}.Release|ARM64.Deploy.0 = Release|ARM64
		{66235820-8C2A-43AB-88A2-71DC751AA09C}.Release|x64.ActiveCfg = Release|x64
		{66235820-8C2A-43AB-88A2-71DC751AA09C}.Release|x64.Build.0 = Release|x64
		{66235820-8C2A-43AB-88A2-71DC751AA09C}.Release|x64.Deploy.0 = Release|x64
		{66235820-8C2A-43AB-88A2-71DC751AA09C}.Release|x86.ActiveCfg = Release|x86
		{66235820-8C2A-43AB-88A2-71DC751AA09C}.Release|x86.Build.0 = Release|x86
		{66235820-8C2A-43AB-88A2-71DC751AA09C}.Release|x86.Deploy.0 = Release|x86
		{322BE9E0-96BE-477B-9F43-7B061B71BFB3}.Debug|ARM.ActiveCfg = Debug|ARM
		{322BE9E0-96BE-477B-9F43-7B061B71BFB3}.Debug|ARM.Build.0 = Debug|ARM
		{322BE9E0-96BE-477B-9F43-7B061B71BFB3}.Debug|ARM.Deploy.0 = Debug|ARM
		{322BE9E0-96BE-477B-9F43-7B061B71BFB3}.Debug|ARM64.ActiveCfg = Debug|ARM64
		{322BE9E0-96BE-477B-9F43-7B061B71BFB3}.Debug|ARM64.Build.0 = Debug|ARM64
		{322BE9E0-96BE-477B-9F43-7B061B71BFB3}.Debug|ARM64.Deploy.0 = Debug|ARM64
		{322BE9E0-96BE-477B-9F43-7B061B71BFB3}.Debug|x64.ActiveCfg = Debug|x64
		{322BE9E0-96BE-477B-9F43-7B061B71BFB3}.Debug|x64.Build.0 = Debug|x64
		{322BE9E0-96BE-477B-9F43-7B061B71BFB3}.Debug|x64.Deploy.0 = Debug|x64
		{322BE9E0-96BE-477B-9F43-7B061B71BFB3}.Debug|x86.ActiveCfg = Debug|x86
		{322BE9E0-96BE-477B-9F43-7B061B71BFB3}.Debug|x86.Build.0 = Debug|x86
		{322BE9E0-96BE-477B-9F43-7B061B71BFB3}.Debug|x86.Deploy.0 = Debug|x86
		{322BE9E0-96BE-477B-9F43-7B061B71BFB3}.Release|ARM.ActiveCfg = Release|ARM
		{322BE9E0-96BE-477B-9F43-7B061B71BFB3}.Release|ARM.Build.0 = Release|ARM
		{322BE9E0-96BE-477B-9F43-7B061B71BFB3}.Release|ARM.Deploy.0 = Release|ARM
		{322BE9E0-96BE-477B-9F43-7B061B71BFB3}.Release|ARM64.ActiveCfg = Release|ARM64
		{322BE9E0-96BE-477B-9F43-7B061B71BFB3}.Release|ARM64.Build.0 = Release|ARM64
		{322BE9E0-96BE-477B-9F43-7B061B71BFB3}.Release|ARM64.Deploy.0 = Release|ARM64
		{322BE9E0-96BE-477B-9F43-7B061B71BFB3}.Release|x64.ActiveCfg = Release|x64
		{322BE9E0-96BE-477B-9F43-7B061B71BFB3}.Release|x64.Build.0 = Release|x64
		{322BE9E0-96BE-477B-9F43-7B061B71BFB3}.Release|x64.Deploy.0 = Release|x64
		{322BE9E0-96BE-477B-9F43-7B061B71BFB3}.Release|x86.ActiveCfg = Release|x86
		{322BE9E0-96BE-477B-9F43-7B061B71BFB3}.Release|x86.Build.0 = Release|x86
		{322BE9E0-96BE-477B-9F43-7B061B71BFB3}.Release|x86.Deploy.0 = Release|x86
		{652B9DB5-DF94-4249-BF19-19C80A808F4A}.Debug|ARM.ActiveCfg = Debug|ARM
		{652B9DB5-DF94-4249-BF19-19C80A808F4A}.Debug|ARM.Build.0 = Debug|ARM
		{652B9DB5-DF94-4249-BF19-19C80A808F4A}.Debug|ARM.Deploy.0 = Debug|ARM
		{652B9DB5-DF94-4249-BF19-19C80A808F4A}.Debug|ARM64.ActiveCfg = Debug|ARM64
		{652B9DB5-DF94-4249-BF19-19C80A808F4A}.Debug|ARM64.Build.0 = Debug|ARM64
		{652B9DB5-DF94-4249-BF19-19C80A808F4A}.Debug|ARM64.Deploy.0 = Debug|ARM64
		{652B9DB5-DF94-4249-BF19-19C80A808F4A}.Debug|x64.ActiveCfg = Debug|x64
		{652B9DB5-DF94-4249-BF19-19C80A808F4A}.Debug|x64.Build.0 = Debug|x64
		{652B9DB5-DF94-4249-BF19-19C80A808F4A}.Debug|x64.Deploy.0 = Debug|x64
		{652B9DB5-DF94-4249-BF19-19C80A808F4A}.Debug|x86.ActiveCfg = Debug|x86
		{652B9DB5-DF94-4249-BF19-19C80A808F4A}.Debug|x86.Build.0 = Debug|x86
		{652B9DB5-DF94-4249-BF19-19C80A808F4A}.Debug|x86.Deploy.0 = Debug|x86
		{652B9DB5-DF94-4249-BF19-19C80A808F4A}.Release|ARM.ActiveCfg = Release|ARM
		{652B9DB5-DF94-4249-BF19-19C80A808F4A}.Release|ARM.Build.0 = Release|ARM
		{652B9DB5-DF94-4249-BF19-19C80A808F4A}.Release|ARM.Deploy.0 = Release|ARM
		{652B9DB5-DF94-4249-BF19-19C80A808F4A}.Release|ARM64.ActiveCfg = Release|ARM64
		{652B9DB5-DF94-4249-BF19-19C80A808F4A}.Release|ARM64.Build.0 = Release|ARM64
		{652B9DB5-DF94-4249-BF19-19C80A808F4A}.Release|ARM64.Deploy.0 = Release|ARM64
		{652B9DB5-DF94-4249-BF19-19C80A808F4A}.Release|x64.ActiveCfg = Release|x64
		{652B9DB5-DF94-4249-BF19-19C80A808F4A}.Release|x64.Build.0 = Release|x64
		{652B9DB5-DF94-4249-BF19-19C80A808F4A}.Release|x64.Deploy.0 = Release|x64
		{652B9DB5-DF94-4249-BF19-19C80A808F4A}.Release|x86.ActiveCfg = Release|x86
		{652B9DB5-DF94-4249-BF19-19C80A808F4A}.Release|x86.Build.0 = Release|x86
		{652B9DB5-DF94-4249-BF19-19C80A808F4A}.Release|x86.Deploy.0 = Release|x86
		{EE23EFFE-CA58-4FD1-9348-E32278204ADD}.Debug|ARM.ActiveCfg = Debug|ARM
		{EE23EFFE-CA58-4FD1-9348-E32278204ADD}.Debug|ARM.Build.0 = Debug|ARM
		{EE23EFFE-CA58-4FD1-9348-E32278204ADD}.Debug|ARM.Deploy.0 = Debug|ARM
		{EE23EFFE-CA58-4FD1-9348-E32278204ADD}.Debug|ARM64.ActiveCfg = Debug|ARM64
		{EE23EFFE-CA58-4FD1-9348-E32278204ADD}.Debug|ARM64.Build.0 = Debug|ARM64
		{EE23EFFE-CA58-4FD1-9348-E32278204ADD}.Debug|ARM64.Deploy.0 = Debug|ARM64
		{EE23EFFE-CA58-4FD1-9348-E32278204ADD}.Debug|x64.ActiveCfg = Debug|x64
		{EE23EFFE-CA58-4FD1-9348-E32278204ADD}.Debug|x64.Build.0 = Debug|x64
		{EE23EFFE-CA58-4FD1-9348-E32278204ADD}.Debug|x64.Deploy.0 = Debug|x64
		{EE23EFFE-CA58-4FD1-9348-E32278204ADD}.Debug|x86.ActiveCfg = Debug|x86
		{EE23EFFE-CA58-4FD1-9348-E32278204ADD}.Debug|x86.Build.0 = Debug|x86
		{EE23EFFE-CA58-4FD1-9348-E32278204ADD}.Debug|x86.Deploy.0 = Debug|x86
		{EE23EFFE-CA58-4FD1-9348-E32278204ADD}.Release|ARM.ActiveCfg = Release|ARM
		{EE23EFFE-CA58-4FD1-9348-E32278204ADD}.Release|ARM.Build.0 = Release|ARM
		{EE23EFFE-CA58-4FD1-9348-E32278204ADD}.Release|ARM.Deploy.0 = Release|ARM
		{EE23EFFE-CA58-4FD1-9348-E32278204ADD}.Release|ARM64.ActiveCfg = Release|ARM64
		{EE23EFFE-CA58-4FD1-9348-E32278204ADD}.Release|ARM64.Build.0 = Release|ARM64
		{EE23EFFE-CA58-4FD1-9348-E32278204ADD}.Release|ARM64.Deploy.0 = Release|ARM64
		{EE23EFFE-CA58-4FD1-9348-E32278204ADD}.Release|x64.ActiveCfg = Release|x64
		{EE23EFFE-CA58-4FD1-9348-E32278204ADD}.Release|x64.Build.0 = Release|x64
		{EE23EFFE-CA58-4FD1-9348-E32278204ADD}.Release|x64.Deploy.0 = Release|x64
		{EE23EFFE-CA58-4FD1-9348-E32278204ADD}.Release|x86.ActiveCfg = Release|x86
		{EE23EFFE-CA58-4FD1-9348-E32278204ADD}.Release|x86.Build.0 = Release|x86
		{EE23EFFE-CA58-4FD1-9348-E32278204ADD}.Release|x86.Deploy.0 = Release|x86
		{448598B3-01B9-4701-B46A-1F135E8A6A69}.Debug|ARM.ActiveCfg = Debug|ARM
		{448598B3-01B9-4701-B46A-1F135E8A6A69}.Debug|ARM.Build.0 = Debug|ARM
		{448598B3-01B9-4701-B46A-1F135E8A6A69}.Debug|ARM.Deploy.0 = Debug|ARM
		{448598B3-01B9-4701-B46A-1F135E8A6A69}.Debug|ARM64.ActiveCfg = Debug|ARM64
		{448598B3-01B9-4701-B46A-1F135E8A6A69}.Debug|ARM64.Build.0 = Debug|ARM64
		{448598B3-01B9-4701-B46A-1F135E8A6A69}.Debug|ARM64.Deploy.0 = Debug|ARM64
		{448598B3-01B9-4701-B46A-1F135E8A6A69}.Debug|x64.ActiveCfg = Debug|x64
		{448598B3-01B9-4701-B46A-1F135E8A6A69}.Debug|x64.Build.0 = Debug|x64
		{448598B3-01B9-4701-B46A-1F135E8A6A69}.Debug|x64.Deploy.0 = Debug|x64
		{448598B3-01B9-4701-B46A-1F135E8A6A69}.Debug|x86.ActiveCfg = Debug|x86
		{448598B3-01B9-4701-B46A-1F135E8A6A69}.Debug|x86.Build.0 = Debug|x86
		{448598B3-01B9-4701-B46A-1F135E8A6A69}.Debug|x86.Deploy.0 = Debug|x86
		{448598B3-01B9-4701-B46A-1F135E8A6A69}.Release|ARM.ActiveCfg = Release|ARM
		{448598B3-01B9-4701-B46A-1F135E8A6A69}.Release|ARM.Build.0 = Release|ARM
		{448598B3-01B9-4701-B46A-1F135E8A6A69}.Release|ARM.Deploy.0 = Release|ARM
		{448598B3-01B9-4701-B46A-1F135E8A6A69}.Release|ARM64.ActiveCfg = Release|ARM64
		{448598B3-01B9-4701-B46A-1F135E8A6A69}.Release|ARM64.Build.0 = Release|ARM64
		{448598B3-01B9-4701-B46A-1F135E8A6A69}.Release|ARM64.Deploy.0 = Release|ARM64
		{448598B3-01B9-4701-B46A-1F135E8A6A69}.Release|x64.ActiveCfg = Release|x64
		{448598B3-01B9-4701-B46A-1F135E8A6A69}.Release|x64.Build.0 = Release|x64
		{448598B3-01B9-4701-B46A-1F135E8A6A69}.Release|x64.Deploy.0 = Release|x64
		{448598B3-01B9-4701-B46A-1F135E8A6A69}.Release|x86.ActiveCfg = Release|x86
		{448598B3-01B9-4701-B46A-1F135E8A6A69}.Release|x86.Build.0 = Release|x86
		{448598B3-01B9-4701-B46A-1F135E8A6A69}.Release|x86.Deploy.0 = Release|x86
		{68FFD45F-4426-4019-B8D2-B69B129EEA63}.Debug|ARM.ActiveCfg = Debug|ARM
		{68FFD45F-4426-4019-B8D2-B69B129EEA63}.Debug|ARM.Build.0 = Debug|ARM
		{68FFD45F-4426-4019-B8D2-B69B129EEA63}.Debug|ARM.Deploy.0 = Debug|ARM
		{68FFD45F-4426-4019-B8D2-B69B129EEA63}.Debug|ARM64.ActiveCfg = Debug|ARM64
		{68FFD45F-4426-4019-B8D2-B69B129EEA63}.Debug|ARM64.Build.0 = Debug|ARM64
		{68FFD45F-4426-4019-B8D2-B69B129EEA63}.Debug|ARM64.Deploy.0 = Debug|ARM64
		{68FFD45F-4426-4019-B8D2-B69B129EEA63}.Debug|x64.ActiveCfg = Debug|x64
		{68FFD45F-4426-4019-B8D2-B69B129EEA63}.Debug|x64.Build.0 = Debug|x64
		{68FFD45F-4426-4019-B8D2-B69B129EEA63}.Debug|x64.Deploy.0 = Debug|x64
		{68FFD45F-4426-4019-B8D2-B69B129EEA63}.Debug|x86.ActiveCfg = Debug|x86
		{68FFD45F-4426-4019-B8D2-B69B129EEA63}.Debug|x86.Build.0 = Debug|x86
		{68FFD45F-4426-4019-B8D2-B69B129EEA63}.Debug|x86.Deploy.0 = Debug|x86
		{68FFD45F-4426-4019-B8D2-B69B129EEA63}.Release|ARM.ActiveCfg = Release|ARM
		{68FFD45F-4426-4019-B8D2-B69B129EEA63}.Release|ARM.Build.0 = Release|ARM
		{68FFD45F-4426-4019-B8D2-B69B129EEA63}.Release|ARM.Deploy.0 = Release|ARM
		{68FFD45F-4426-4019-B8D2-B69B129EEA63}.Release|ARM64.ActiveCfg = Release|ARM64
		{68FFD45F-4426-4019-B8D2-B69B129EEA63}.Release|ARM64.Build.0 = Release|ARM64
		{68FFD45F-4426-4019-B8D2-B69B129EEA63}.Release|ARM64.Deploy.0 = Release|ARM64
		{68FFD45F-4426-4019-B8D2-B69B129EEA63}.Release|x64.ActiveCfg = Release|x64
		{68FFD45F-4426-4019-B8D2-B69B129EEA63}.Release|x64.Build.0 = Release|x64
		{68FFD45F-4426-4019-B8D2-B69B129EEA63}.Release|x64.Deploy.0 = Release|x64
		{68FFD45F-4426-4019-B8D2-B69B129EEA63}.Release|x86.ActiveCfg = Release|x86
		{68FFD45F-4426-4019-B8D2-B69B129EEA63}.Release|x86.Build.0 = Release|x86
		{68FFD45F-4426-4019-B8D2-B69B129EEA63}.Release|x86.Deploy.0 = Release|x86
		{414DE9A5-516C-4015-88DE-D2BDF3D559B8}.Debug|ARM.ActiveCfg = Debug|ARM
		{414DE9A5-516C-4015-88DE-D2BDF3D559B8}.Debug|ARM.Build.0 = Debug|ARM
		{414DE9A5-516C-4015-88DE-D2BDF3D559B8}.Debug|ARM.Deploy.0 = Debug|ARM
		{414DE9A5-516C-4015-88DE-D2BDF3D559B8}.Debug|ARM64.ActiveCfg = Debug|ARM64
		{414DE9A5-516C-4015-88DE-D2BDF3D559B8}.Debug|ARM64.Build.0 = Debug|ARM64
		{414DE9A5-516C-4015-88DE-D2BDF3D559B8}.Debug|ARM64.Deploy.0 = Debug|ARM64
		{414DE9A5-516C-4015-88DE-D2BDF3D559B8}.Debug|x64.ActiveCfg = Debug|x64
		{414DE9A5-516C-4015-88DE-D2BDF3D559B8}.Debug|x64.Build.0 = Debug|x64
		{414DE9A5-516C-4015-88DE-D2BDF3D559B8}.Debug|x64.Deploy.0 = Debug|x64
		{414DE9A5-516C-4015-88DE-D2BDF3D559B8}.Debug|x86.ActiveCfg = Debug|x86
		{414DE9A5-516C-4015-88DE-D2BDF3D559B8}.Debug|x86.Build.0 = Debug|x86
		{414DE9A5-516C-4015-88DE-D2BDF3D559B8}.Debug|x86.Deploy.0 = Debug|x86
		{414DE9A5-516C-4015-88DE-D2BDF3D559B8}.Release|ARM.ActiveCfg = Release|ARM
		{414DE9A5-516C-4015-88DE-D2BDF3D559B8}.Release|ARM.Build.0 = Release|ARM
		{414DE9A5-516C-4015-88DE-D2BDF3D559B8}.Release|ARM.Deploy.0 = Release|ARM
		{414DE9A5-516C-4015-88DE-D2BDF3D559B8}.Release|ARM64.ActiveCfg = Release|ARM64
		{414DE9A5-516C-4015-88DE-D2BDF3D559B8}.Release|ARM64.Build.0 = Release|ARM64
		{414DE9A5-516C-4015-88DE-D2BDF3D559B8}.Release|ARM64.Deploy.0 = Release|ARM64
		{414DE9A5-516C-4015-88DE-D2BDF3D559B8}.Release|x64.ActiveCfg = Release|x64
		{414DE9A5-516C-4015-88DE-D2BDF3D559B8}.Release|x64.Build.0 = Release|x64
		{414DE9A5-516C-4015-88DE-D2BDF3D559B8}.Release|x64.Deploy.0 = Release|x64
		{414DE9A5-516C-4015-88DE-D2BDF3D559B8}.Release|x86.ActiveCfg = Release|x86
		{414DE9A5-516C-4015-88DE-D2BDF3D559B8}.Release|x86.Build.0 = Release|x86
		{414DE9A5-516C-4015-88DE-D2BDF3D559B8}.Release|x86.Deploy.0 = Release|x86
	EndGlobalSection
	GlobalSection(SolutionProperties) = preSolution
		HideSolutionNode = FALSE
	EndGlobalSection
	GlobalSection(ExtensibilityGlobals) = postSolution
		SolutionGuid = {161350CE-47D9-476A-8DCE-4E191F2124C6}
	EndGlobalSection
EndGlobal
